
Microsoft Visual Studio Solution File, Format Version 12.00
# Visual Studio Version 16
VisualStudioVersion = 16.0.32802.440
MinimumVisualStudioVersion = 10.0.40219.1
Project("{FAE04EC0-301F-11D3-BF4B-00C04F79EFBC}") = "WebApplicationProject_190316015", "WebApplicationProject_190316015\WebApplicationProject_190316015.csproj", "{0362DD31-2D00-4BE1-96FE-2B7840F2BB6D}"
EndProject
Global
	GlobalSection(SolutionConfigurationPlatforms) = preSolution
		Debug|Any CPU = Debug|Any CPU
		Release|Any CPU = Release|Any CPU
	EndGlobalSection
	GlobalSection(ProjectConfigurationPlatforms) = postSolution
		{0362DD31-2D00-4BE1-96FE-2B7840F2BB6D}.Debug|Any CPU.ActiveCfg = Debug|Any CPU
		{0362DD31-2D00-4BE1-96FE-2B7840F2BB6D}.Debug|Any CPU.Build.0 = Debug|Any CPU
		{0362DD31-2D00-4BE1-96FE-2B7840F2BB6D}.Release|Any CPU.ActiveCfg = Release|Any CPU
		{0362DD31-2D00-4BE1-96FE-2B7840F2BB6D}.Release|Any CPU.Build.0 = Release|Any CPU
	EndGlobalSection
	GlobalSection(SolutionProperties) = preSolution
		HideSolutionNode = FALSE
	EndGlobalSection
	GlobalSection(ExtensibilityGlobals) = postSolution
		SolutionGuid = {62615A11-D3E8-4090-9DC6-BDB010689145}
	EndGlobalSection
EndGlobal
